{
  "name": "pp-rut",
  "version": "1.0.1",
  "lockfileVersion": 3,
  "requires": true,
  "packages": {
    "": {
      "name": "pp-rut",
      "version": "1.0.0",
      "license": "MIT",
      "dependencies": {
        "pp-is": "^1.2.6"
      }
    },
    "node_modules/pp-is": {
      "version": "1.2.6",
      "resolved": "https://registry.npmjs.org/pp-is/-/pp-is-1.2.6.tgz",
      "integrity": "sha512-xQ/XtQkC2ZDMA/Hsc/lGonKpf+Lnjx9+BK6pcL9Mi1+mpexB9LFoCGWOPBDgxExcf97z+rYH+pRgvdDG+/JHVg==",
      "license": "MIT"
    }
  }
}
